{
  "name": "nzonya.",
  "lockfileVersion": 3,
  "requires": true,
  "packages": {
    "": {
      "dependencies": {
        "@sentry/react": "^10.70.0"
      }
    },
    "node_modules/@sentry/browser": {
      "version": "10.70.0",
      "resolved": "https://registry.npmjs.org/@sentry/browser/-/browser-10.70.0.tgz",
      "integrity": "sha512-IK6+J+8H06tZe+A8L37TT5ZxxwNtyQatW8zl5RYYJ/e9CsjrM8fPi8I1OT7uquTw8UtjqFHt7bEef/Vy63ksPg==",
      "license": "MIT",
      "dependencies": {
        "@sentry/browser-utils": "10.70.0",
        "@sentry/conventions": "^0.16.0",
        "@sentry/core": "10.70.0",
        "@sentry/feedback": "10.70.0",
        "@sentry/replay": "10.70.0",
        "@sentry/replay-canvas": "10.70.0"
      },
      "engines": {
        "node": ">=18"
      }
    },
    "node_modules/@sentry/browser-utils": {
      "version": "10.70.0",
      "resolved": "https://registry.npmjs.org/@sentry/browser-utils/-/browser-utils-10.70.0.tgz",
      "integrity": "sha512-IvjhafF5NFXrPCg5EHbAPGDwIhHxgUcLlHTklZ3DAdA6ky88BJYMfevbcnOEmgavf4nylhCaquRUFNB5+szj+A==",
      "license": "MIT",
      "dependencies": {
        "@sentry/conventions": "^0.16.0",
        "@sentry/core": "10.70.0"
      },
      "engines": {
        "node": ">=18"
      }
    },
    "node_modules/@sentry/conventions": {
      "version": "0.16.0",
      "resolved": "https://registry.npmjs.org/@sentry/conventions/-/conventions-0.16.0.tgz",
      "integrity": "sha512-fO9PLmHdVURcSPUpWCItWAtgKiMwGdJHbovoSEyLplX5sxs2ugvI4CBPTrkkgqhObnZOD0CnWBKDzSVQYBKEyQ==",
      "license": "MIT",
      "engines": {
        "node": ">=14"
      }
    },
    "node_modules/@sentry/core": {
      "version": "10.70.0",
      "resolved": "https://registry.npmjs.org/@sentry/core/-/core-10.70.0.tgz",
      "integrity": "sha512-ozhCTDqg89oB4XmWfAwuHshABpvT7AkRpaPnogopPfMAaI61G1t8EKCJ4W7aum8JSBonlfyjPCyW5oYZFm0KvA==",
      "license": "MIT",
      "dependencies": {
        "@sentry/conventions": "^0.16.0"
      },
      "engines": {
        "node": ">=18"
      }
    },
    "node_modules/@sentry/feedback": {
      "version": "10.70.0",
      "resolved": "https://registry.npmjs.org/@sentry/feedback/-/feedback-10.70.0.tgz",
      "integrity": "sha512-6VQn2ETJjHkk4QQDdx/587/JDfXsk3yBTLZ3UZOMtBVrkmwgk+1FJZ8ULJ3ud1xZcuh2icunIkc7tGVv2axdnw==",
      "license": "MIT",
      "dependencies": {
        "@sentry/core": "10.70.0"
      },
      "engines": {
        "node": ">=18"
      }
    },
    "node_modules/@sentry/react": {
      "version": "10.70.0",
      "resolved": "https://registry.npmjs.org/@sentry/react/-/react-10.70.0.tgz",
      "integrity": "sha512-j1d/4hvoaUVKs5GRrfmwUCkiEmkfaeHsk+xgausZlzg5YvmwpF+gyevBLNP26GFEH7nyHXW4l8dbbo0eNieJmw==",
      "license": "MIT",
      "dependencies": {
        "@sentry/browser": "10.70.0",
        "@sentry/conventions": "^0.16.0",
        "@sentry/core": "10.70.0"
      },
      "engines": {
        "node": ">=18"
      },
      "peerDependencies": {
        "react": "^16.14.0 || 17.x || 18.x || 19.x"
      }
    },
    "node_modules/@sentry/replay": {
      "version": "10.70.0",
      "resolved": "https://registry.npmjs.org/@sentry/replay/-/replay-10.70.0.tgz",
      "integrity": "sha512-xMnSGzJn9Xd29rYd32lkx/gFW+5mtgqADJ2FiZvis0MBGZuDlNRwPn0/Cs1xA3JNXKV3NGfhdmmvs90w4dHSmw==",
      "license": "MIT",
      "dependencies": {
        "@sentry/browser-utils": "10.70.0",
        "@sentry/core": "10.70.0"
      },
      "engines": {
        "node": ">=18"
      }
    },
    "node_modules/@sentry/replay-canvas": {
      "version": "10.70.0",
      "resolved": "https://registry.npmjs.org/@sentry/replay-canvas/-/replay-canvas-10.70.0.tgz",
      "integrity": "sha512-irzpw22bK5CF3jbecDa0gBUcfjv7tgeUoLAvtIfeHOP5ajmf3o4Cp99a9RQqkfgvkcMeRZBUwE91SQhp6Ank+w==",
      "license": "MIT",
      "dependencies": {
        "@sentry/core": "10.70.0",
        "@sentry/replay": "10.70.0"
      },
      "engines": {
        "node": ">=18"
      }
    },
    "node_modules/react": {
      "version": "19.2.8",
      "resolved": "https://registry.npmjs.org/react/-/react-19.2.8.tgz",
      "integrity": "sha512-PWaYA1L/q9u2u7xYQi+Y3L3Yfnie7XyLeaJICV1MGD6LprsBxcAqGjYyr0eY3p+QdsA+x/Irkt4Qif8D63+Sbw==",
      "license": "MIT",
      "peer": true,
      "engines": {
        "node": ">=0.10.0"
      }
    }
  }
}
